
Microsoft Visual Studio Solution File, Format Version 12.00
# Visual Studio Version 17
VisualStudioVersion = 17.9.34723.18
MinimumVisualStudioVersion = 10.0.40219.1
Project("{FAE04EC0-301F-11D3-BF4B-00C04F79EFBC}") = "App3.Android", "App3\App3.Android\App3.Android.csproj", "{2A47A0DF-DFA5-45E2-AC21-984D1C593421}"
EndProject
Project("{FAE04EC0-301F-11D3-BF4B-00C04F79EFBC}") = "App3", "App3\App3\App3.csproj", "{C8697C09-585B-44A4-BF6E-BB06D2F897A1}"
EndProject
Global
	GlobalSection(SolutionConfigurationPlatforms) = preSolution
		Debug|Any CPU = Debug|Any CPU
		Release|Any CPU = Release|Any CPU
	EndGlobalSection
	GlobalSection(ProjectConfigurationPlatforms) = postSolution
		{2A47A0DF-DFA5-45E2-AC21-984D1C593421}.Debug|Any CPU.ActiveCfg = Debug|Any CPU
		{2A47A0DF-DFA5-45E2-AC21-984D1C593421}.Debug|Any CPU.Build.0 = Debug|Any CPU
		{2A47A0DF-DFA5-45E2-AC21-984D1C593421}.Debug|Any CPU.Deploy.0 = Debug|Any CPU
		{2A47A0DF-DFA5-45E2-AC21-984D1C593421}.Release|Any CPU.ActiveCfg = Release|Any CPU
		{2A47A0DF-DFA5-45E2-AC21-984D1C593421}.Release|Any CPU.Build.0 = Release|Any CPU
		{2A47A0DF-DFA5-45E2-AC21-984D1C593421}.Release|Any CPU.Deploy.0 = Release|Any CPU
		{C8697C09-585B-44A4-BF6E-BB06D2F897A1}.Debug|Any CPU.ActiveCfg = Debug|Any CPU
		{C8697C09-585B-44A4-BF6E-BB06D2F897A1}.Debug|Any CPU.Build.0 = Debug|Any CPU
		{C8697C09-585B-44A4-BF6E-BB06D2F897A1}.Debug|Any CPU.Deploy.0 = Debug|Any CPU
		{C8697C09-585B-44A4-BF6E-BB06D2F897A1}.Release|Any CPU.ActiveCfg = Release|Any CPU
		{C8697C09-585B-44A4-BF6E-BB06D2F897A1}.Release|Any CPU.Build.0 = Release|Any CPU
		{C8697C09-585B-44A4-BF6E-BB06D2F897A1}.Release|Any CPU.Deploy.0 = Release|Any CPU
	EndGlobalSection
	GlobalSection(SolutionProperties) = preSolution
		HideSolutionNode = FALSE
	EndGlobalSection
	GlobalSection(ExtensibilityGlobals) = postSolution
		SolutionGuid = {EF7D4028-A8D2-4BA3-9A85-6383DC2043B3}
	EndGlobalSection
EndGlobal
